
Microsoft Visual Studio Solution File, Format Version 11.00
# Visual Studio 2010
Project("{FAE04EC0-301F-11D3-BF4B-00C04F79EFBC}") = "Assembly-CSharp-firstpass", "Assembly-CSharp-firstpass.csproj", "{BAB5B2D7-9339-6FD4-2D29-6656683A846C}"
EndProject
Project("{FAE04EC0-301F-11D3-BF4B-00C04F79EFBC}") = "Assembly-CSharp", "Assembly-CSharp.csproj", "{5F5C00B7-5BA0-9195-6CD0-FEAFFE874AB5}"
EndProject
Project("{FAE04EC0-301F-11D3-BF4B-00C04F79EFBC}") = "Assembly-CSharp-Editor-firstpass", "Assembly-CSharp-Editor-firstpass.csproj", "{6A4C6107-DABC-61EE-B4FC-00959058BB5E}"
EndProject
Global
	GlobalSection(SolutionConfigurationPlatforms) = preSolution
		Debug|Any CPU = Debug|Any CPU
		Release|Any CPU = Release|Any CPU
	EndGlobalSection
	GlobalSection(ProjectConfigurationPlatforms) = postSolution
		{BAB5B2D7-9339-6FD4-2D29-6656683A846C}.Debug|Any CPU.ActiveCfg = Debug|Any CPU
		{BAB5B2D7-9339-6FD4-2D29-6656683A846C}.Debug|Any CPU.Build.0 = Debug|Any CPU
		{BAB5B2D7-9339-6FD4-2D29-6656683A846C}.Release|Any CPU.ActiveCfg = Release|Any CPU
		{BAB5B2D7-9339-6FD4-2D29-6656683A846C}.Release|Any CPU.Build.0 = Release|Any CPU
		{5F5C00B7-5BA0-9195-6CD0-FEAFFE874AB5}.Debug|Any CPU.ActiveCfg = Debug|Any CPU
		{5F5C00B7-5BA0-9195-6CD0-FEAFFE874AB5}.Debug|Any CPU.Build.0 = Debug|Any CPU
		{5F5C00B7-5BA0-9195-6CD0-FEAFFE874AB5}.Release|Any CPU.ActiveCfg = Release|Any CPU
		{5F5C00B7-5BA0-9195-6CD0-FEAFFE874AB5}.Release|Any CPU.Build.0 = Release|Any CPU
		{6A4C6107-DABC-61EE-B4FC-00959058BB5E}.Debug|Any CPU.ActiveCfg = Debug|Any CPU
		{6A4C6107-DABC-61EE-B4FC-00959058BB5E}.Debug|Any CPU.Build.0 = Debug|Any CPU
		{6A4C6107-DABC-61EE-B4FC-00959058BB5E}.Release|Any CPU.ActiveCfg = Release|Any CPU
		{6A4C6107-DABC-61EE-B4FC-00959058BB5E}.Release|Any CPU.Build.0 = Release|Any CPU
	EndGlobalSection
	GlobalSection(SolutionProperties) = preSolution
		HideSolutionNode = FALSE
	EndGlobalSection
	GlobalSection(MonoDevelopProperties) = preSolution
		StartupItem = Assembly-CSharp.csproj
	EndGlobalSection
EndGlobal
